
Microsoft Visual Studio Solution File, Format Version 12.00
# Visual Studio Version 17
VisualStudioVersion = 17.3.32819.101
MinimumVisualStudioVersion = 10.0.40219.1
Project("{FAE04EC0-301F-11D3-BF4B-00C04F79EFBC}") = "HashimDemo.Server", "HashimDemo\Server\HashimDemo.Server.csproj", "{D0733447-1901-4402-B52C-5351B6C0FEF6}"
EndProject
Project("{FAE04EC0-301F-11D3-BF4B-00C04F79EFBC}") = "HashimDemo.Client", "HashimDemo\Client\HashimDemo.Client.csproj", "{3586B248-69C7-4B82-B49B-FE4B6229010D}"
EndProject
Project("{FAE04EC0-301F-11D3-BF4B-00C04F79EFBC}") = "HashimDemo.Shared", "HashimDemo\Shared\HashimDemo.Shared.csproj", "{62473C22-BF03-44EC-9C22-21D94A361D1B}"
EndProject
Global
	GlobalSection(SolutionConfigurationPlatforms) = preSolution
		Debug|Any CPU = Debug|Any CPU
		Release|Any CPU = Release|Any CPU
	EndGlobalSection
	GlobalSection(ProjectConfigurationPlatforms) = postSolution
		{D0733447-1901-4402-B52C-5351B6C0FEF6}.Debug|Any CPU.ActiveCfg = Debug|Any CPU
		{D0733447-1901-4402-B52C-5351B6C0FEF6}.Debug|Any CPU.Build.0 = Debug|Any CPU
		{D0733447-1901-4402-B52C-5351B6C0FEF6}.Release|Any CPU.ActiveCfg = Release|Any CPU
		{D0733447-1901-4402-B52C-5351B6C0FEF6}.Release|Any CPU.Build.0 = Release|Any CPU
		{3586B248-69C7-4B82-B49B-FE4B6229010D}.Debug|Any CPU.ActiveCfg = Debug|Any CPU
		{3586B248-69C7-4B82-B49B-FE4B6229010D}.Debug|Any CPU.Build.0 = Debug|Any CPU
		{3586B248-69C7-4B82-B49B-FE4B6229010D}.Release|Any CPU.ActiveCfg = Release|Any CPU
		{3586B248-69C7-4B82-B49B-FE4B6229010D}.Release|Any CPU.Build.0 = Release|Any CPU
		{62473C22-BF03-44EC-9C22-21D94A361D1B}.Debug|Any CPU.ActiveCfg = Debug|Any CPU
		{62473C22-BF03-44EC-9C22-21D94A361D1B}.Debug|Any CPU.Build.0 = Debug|Any CPU
		{62473C22-BF03-44EC-9C22-21D94A361D1B}.Release|Any CPU.ActiveCfg = Release|Any CPU
		{62473C22-BF03-44EC-9C22-21D94A361D1B}.Release|Any CPU.Build.0 = Release|Any CPU
	EndGlobalSection
	GlobalSection(SolutionProperties) = preSolution
		HideSolutionNode = FALSE
	EndGlobalSection
	GlobalSection(ExtensibilityGlobals) = postSolution
		SolutionGuid = {E63A7366-9DE0-41DD-974A-26EF69C8F3EC}
	EndGlobalSection
EndGlobal
